# This file is automatically @generated by Cargo.
# It is not intended for manual editing.
version = 4

[[package]]
name = "antseal-anchor"
version = "0.0.0"
dependencies = [
 "antseal-core",
]

[[package]]
name = "antseal-cli"
version = "0.0.0"
dependencies = [
 "antseal-core",
]

[[package]]
name = "antseal-core"
version = "0.0.0"

[[package]]
name = "antseal-net"
version = "0.0.0"
dependencies = [
 "antseal-core",
]
